
Microsoft Visual Studio Solution File, Format Version 12.00
Project("{FAE04EC0-301F-11D3-BF4B-00C04F79EFBC}") = "X509plorer.Site", "X509plorer.Site\X509plorer.Site.csproj", "{CD8F0E53-79A9-4AB3-8698-57026654BD69}"
EndProject
Project("{FAE04EC0-301F-11D3-BF4B-00C04F79EFBC}") = "X509plorer.Domain", "X509plorer.Domain\X509plorer.Domain.csproj", "{C18D4420-B32F-4A47-AE4D-49CDA8AE4A91}"
EndProject
Project("{FAE04EC0-301F-11D3-BF4B-00C04F79EFBC}") = "X509plorer.Application", "X509plorer.Application\X509plorer.Application.csproj", "{044F88AD-380D-4481-BA2D-DA0666D1312C}"
EndProject
Global
	GlobalSection(SolutionConfigurationPlatforms) = preSolution
		Debug|Any CPU = Debug|Any CPU
		Release|Any CPU = Release|Any CPU
	EndGlobalSection
	GlobalSection(ProjectConfigurationPlatforms) = postSolution
		{CD8F0E53-79A9-4AB3-8698-57026654BD69}.Debug|Any CPU.ActiveCfg = Debug|Any CPU
		{CD8F0E53-79A9-4AB3-8698-57026654BD69}.Debug|Any CPU.Build.0 = Debug|Any CPU
		{CD8F0E53-79A9-4AB3-8698-57026654BD69}.Release|Any CPU.ActiveCfg = Release|Any CPU
		{CD8F0E53-79A9-4AB3-8698-57026654BD69}.Release|Any CPU.Build.0 = Release|Any CPU
		{C18D4420-B32F-4A47-AE4D-49CDA8AE4A91}.Debug|Any CPU.ActiveCfg = Debug|Any CPU
		{C18D4420-B32F-4A47-AE4D-49CDA8AE4A91}.Debug|Any CPU.Build.0 = Debug|Any CPU
		{C18D4420-B32F-4A47-AE4D-49CDA8AE4A91}.Release|Any CPU.ActiveCfg = Release|Any CPU
		{C18D4420-B32F-4A47-AE4D-49CDA8AE4A91}.Release|Any CPU.Build.0 = Release|Any CPU
		{044F88AD-380D-4481-BA2D-DA0666D1312C}.Debug|Any CPU.ActiveCfg = Debug|Any CPU
		{044F88AD-380D-4481-BA2D-DA0666D1312C}.Debug|Any CPU.Build.0 = Debug|Any CPU
		{044F88AD-380D-4481-BA2D-DA0666D1312C}.Release|Any CPU.ActiveCfg = Release|Any CPU
		{044F88AD-380D-4481-BA2D-DA0666D1312C}.Release|Any CPU.Build.0 = Release|Any CPU
	EndGlobalSection
EndGlobal
